
Microsoft Visual Studio Solution File, Format Version 12.00
# Visual Studio Version 16
VisualStudioVersion = 16.0.30621.155
MinimumVisualStudioVersion = 10.0.40219.1
Project("{FAE04EC0-301F-11D3-BF4B-00C04F79EFBC}") = "ReadMangaDownloader", "ReadMangaDownloader\ReadMangaDownloader.csproj", "{3CA7D7C9-135C-475E-B06B-B03181127C28}"
EndProject
Global
	GlobalSection(SolutionConfigurationPlatforms) = preSolution
		Debug|Any CPU = Debug|Any CPU
		Release|Any CPU = Release|Any CPU
	EndGlobalSection
	GlobalSection(ProjectConfigurationPlatforms) = postSolution
		{3CA7D7C9-135C-475E-B06B-B03181127C28}.Debug|Any CPU.ActiveCfg = Debug|Any CPU
		{3CA7D7C9-135C-475E-B06B-B03181127C28}.Debug|Any CPU.Build.0 = Debug|Any CPU
		{3CA7D7C9-135C-475E-B06B-B03181127C28}.Release|Any CPU.ActiveCfg = Release|Any CPU
		{3CA7D7C9-135C-475E-B06B-B03181127C28}.Release|Any CPU.Build.0 = Release|Any CPU
	EndGlobalSection
	GlobalSection(SolutionProperties) = preSolution
		HideSolutionNode = FALSE
	EndGlobalSection
	GlobalSection(ExtensibilityGlobals) = postSolution
		SolutionGuid = {7ADBAEB4-A2DF-4288-BBE9-25285BF07302}
	EndGlobalSection
EndGlobal
